schema: '2.0'
stages:
  data_ingestion:
    cmd: python src/data/data_ingestion.py
    deps:
    - path: src/data/data_ingestion.py
      hash: md5
      md5: 3de3af43ab370e6ba1e6ea891484f14d
      size: 3000
    params:
      params.yaml:
        data_ingestion.test_size: 0.3
    outs:
    - path: data/raw
      hash: md5
      md5: c74ebef4b41547304910f6b9b5a431ba.dir
      size: 634167
      nfiles: 2
  data_preprocessing:
    cmd: python src/data/data_preprocessing.py
    deps:
    - path: data/raw
      hash: md5
      md5: c74ebef4b41547304910f6b9b5a431ba.dir
      size: 634167
      nfiles: 2
    - path: src/data/data_preprocessing.py
      hash: md5
      md5: e0250c008b31061cb98ba07dd5ce4708
      size: 2095
    outs:
    - path: data/interim
      hash: md5
      md5: b6dced2a7a98a3c147171280c6401d70.dir
      size: 391235
      nfiles: 2
  feature_engineering:
    cmd: python src/features/feature_engineering.py
    deps:
    - path: data/interim
      hash: md5
      md5: b6dced2a7a98a3c147171280c6401d70.dir
      size: 391235
      nfiles: 2
    - path: src/features/feature_engineering.py
      hash: md5
      md5: 65657f4aa8ed8b9baa73129aacf8b1dd
      size: 3146
    params:
      params.yaml:
        feature_engineering.max_features: 50
    outs:
    - path: data/processed
      hash: md5
      md5: 33c466b2cedb9920369e084f41dd86f3.dir
      size: 51890
      nfiles: 2
    - path: models/vectorizer.pkl
      hash: md5
      md5: 1d46da24b446ff969f7c09f699375bae
      size: 1661
  model_building:
    cmd: python src/model/model_building.py
    deps:
    - path: data/processed
      hash: md5
      md5: 33c466b2cedb9920369e084f41dd86f3.dir
      size: 51890
      nfiles: 2
    - path: src/model/model_building.py
      hash: md5
      md5: 57a7e8065053b098f0d8751ebd027d5e
      size: 1601
    outs:
    - path: models/model.pkl
      hash: md5
      md5: d20120926d463e0ae6952c115ebabca7
      size: 1002
  model_evaluation:
    cmd: python src/model/model_evaluation.py
    deps:
    - path: models/model.pkl
      hash: md5
      md5: d20120926d463e0ae6952c115ebabca7
      size: 1002
    - path: src/model/model_evaluation.py
      hash: md5
      md5: e115ac2d496deb623073ca9b367bc634
      size: 5053
    outs:
    - path: reports/experiment_info.json
      hash: md5
      md5: 20e72e6b60a59d9a1ca441ebbd9435a7
      size: 82
    - path: reports/metrics.json
      hash: md5
      md5: 56e4dcad2120badb9cdfb5ef5710671f
      size: 98
  model_registration:
    cmd: python src/model/register_model.py
    deps:
    - path: reports/experiment_info.json
      hash: md5
      md5: 20e72e6b60a59d9a1ca441ebbd9435a7
      size: 82
    - path: src/model/register_model.py
      hash: md5
      md5: 80ff1f052c578fc39cad152a3bf70b33
      size: 2662
